
Microsoft Visual Studio Solution File, Format Version 12.00
# Visual Studio Version 17
VisualStudioVersion = 17.4.33122.133
MinimumVisualStudioVersion = 10.0.40219.1
Project("{FAE04EC0-301F-11D3-BF4B-00C04F79EFBC}") = "RazorPagesMovie", "RazorPagesMovie.csproj", "{324B8419-0EF8-43D3-9F07-2E9606EE2612}"
EndProject
Global
	GlobalSection(SolutionConfigurationPlatforms) = preSolution
		Debug|Any CPU = Debug|Any CPU
		Release|Any CPU = Release|Any CPU
	EndGlobalSection
	GlobalSection(ProjectConfigurationPlatforms) = postSolution
		{324B8419-0EF8-43D3-9F07-2E9606EE2612}.Debug|Any CPU.ActiveCfg = Debug|Any CPU
		{324B8419-0EF8-43D3-9F07-2E9606EE2612}.Debug|Any CPU.Build.0 = Debug|Any CPU
		{324B8419-0EF8-43D3-9F07-2E9606EE2612}.Release|Any CPU.ActiveCfg = Release|Any CPU
		{324B8419-0EF8-43D3-9F07-2E9606EE2612}.Release|Any CPU.Build.0 = Release|Any CPU
	EndGlobalSection
	GlobalSection(SolutionProperties) = preSolution
		HideSolutionNode = FALSE
	EndGlobalSection
	GlobalSection(ExtensibilityGlobals) = postSolution
		SolutionGuid = {F955267F-E911-4B01-96A5-66301D79987B}
	EndGlobalSection
EndGlobal
